
Microsoft Visual Studio Solution File, Format Version 12.00
# Visual Studio Version 17
VisualStudioVersion = 17.0.31903.59
MinimumVisualStudioVersion = 10.0.40219.1
Project("{2150E333-8FDC-42A3-9474-1A3956D46DE8}") = "src", "src", "{038F6D6C-43AC-44C5-BE92-D732AA2F32CE}"
EndProject
Project("{9A19103F-16F7-4668-BE54-9A1E7A4F7556}") = "AbstractFactory", "src\AbstractFactory\AbstractFactory.csproj", "{A5039633-03DD-46C4-8D97-D3EBD6AE2F28}"
EndProject
Project("{9A19103F-16F7-4668-BE54-9A1E7A4F7556}") = "AbstractFactory.Program", "src\AbstractFactory.Program\AbstractFactory.Program.csproj", "{3490961E-BBED-4349-96D2-0BAFD30CD39E}"
EndProject
Global
	GlobalSection(SolutionConfigurationPlatforms) = preSolution
		Debug|Any CPU = Debug|Any CPU
		Release|Any CPU = Release|Any CPU
	EndGlobalSection
	GlobalSection(ProjectConfigurationPlatforms) = postSolution
		{A5039633-03DD-46C4-8D97-D3EBD6AE2F28}.Debug|Any CPU.ActiveCfg = Debug|Any CPU
		{A5039633-03DD-46C4-8D97-D3EBD6AE2F28}.Debug|Any CPU.Build.0 = Debug|Any CPU
		{A5039633-03DD-46C4-8D97-D3EBD6AE2F28}.Release|Any CPU.ActiveCfg = Release|Any CPU
		{A5039633-03DD-46C4-8D97-D3EBD6AE2F28}.Release|Any CPU.Build.0 = Release|Any CPU
		{3490961E-BBED-4349-96D2-0BAFD30CD39E}.Debug|Any CPU.ActiveCfg = Debug|Any CPU
		{3490961E-BBED-4349-96D2-0BAFD30CD39E}.Debug|Any CPU.Build.0 = Debug|Any CPU
		{3490961E-BBED-4349-96D2-0BAFD30CD39E}.Release|Any CPU.ActiveCfg = Release|Any CPU
		{3490961E-BBED-4349-96D2-0BAFD30CD39E}.Release|Any CPU.Build.0 = Release|Any CPU
	EndGlobalSection
	GlobalSection(SolutionProperties) = preSolution
		HideSolutionNode = FALSE
	EndGlobalSection
	GlobalSection(NestedProjects) = preSolution
		{A5039633-03DD-46C4-8D97-D3EBD6AE2F28} = {038F6D6C-43AC-44C5-BE92-D732AA2F32CE}
		{3490961E-BBED-4349-96D2-0BAFD30CD39E} = {038F6D6C-43AC-44C5-BE92-D732AA2F32CE}
	EndGlobalSection
	GlobalSection(ExtensibilityGlobals) = postSolution
		SolutionGuid = {FEA5CA60-BB24-43B8-AC85-3146548F3499}
	EndGlobalSection
EndGlobal
